// !$*UTF8*$!
{
	archiveVersion = 1;
	classes = {
	};
	objectVersion = 46;
	objects = {

/* Begin PBXBuildFile section */
		F5D9AEA21DEBD55C0048EBFA /* AppDelegate.swift in Sources */ = {isa = PBXBuildFile; fileRef = F5D9AEA11DEBD55C0048EBFA /* AppDelegate.swift */; };
		F5D9AEA41DEBD55C0048EBFA /* ViewController.swift in Sources */ = {isa = PBXBuildFile; fileRef = F5D9AEA31DEBD55C0048EBFA /* ViewController.swift */; };
		F5D9AEA71DEBD55C0048EBFA /* Main.storyboard in Resources */ = {isa = PBXBuildFile; fileRef = F5D9AEA51DEBD55C0048EBFA /* Main.storyboard */; };
		F5D9AEA91DEBD55C0048EBFA /* Assets.xcassets in Resources */ = {isa = PBXBuildFile; fileRef = F5D9AEA81DEBD55C0048EBFA /* Assets.xcassets */; };
		F5D9AEAC1DEBD55C0048EBFA /* LaunchScreen.storyboard in Resources */ = {isa = PBXBuildFile; fileRef = F5D9AEAA1DEBD55C0048EBFA /* LaunchScreen.storyboard */; };
/* End PBXBuildFile section */

/* Begin PBXFileReference section */
		F5D9AE9E1DEBD55C0048EBFA /* PartyApp.app */ = {isa = PBXFileReference; explicitFileType = wrapper.application; includeInIndex = 0; path = PartyApp.app; sourceTree = BUILT_PRODUCTS_DIR; };
		F5D9AEA11DEBD55C0048EBFA /* AppDelegate.swift */ = {isa = PBXFileReference; lastKnownFileType = sourcecode.swift; path = AppDelegate.swift; sourceTree = "<group>"; };
		F5D9AEA31DEBD55C0048EBFA /* ViewController.swift */ = {isa = PBXFileReference; lastKnownFileType = sourcecode.swift; path = ViewController.swift; sourceTree = "<group>"; };
		F5D9AEA61DEBD55C0048EBFA /* Base */ = {isa = PBXFileReference; lastKnownFileType = file.storyboard; name = Base; path = Base.lproj/Main.storyboard; sourceTree = "<group>"; };
		F5D9AEA81DEBD55C0048EBFA /* Assets.xcassets */ = {isa = PBXFileReference; lastKnownFileType = folder.assetcatalog; path = Assets.xcassets; sourceTree = "<group>"; };
		F5D9AEAB1DEBD55C0048EBFA /* Base */ = {isa = PBXFileReference; lastKnownFileType = file.storyboard; name = Base; path = Base.lproj/LaunchScreen.storyboard; sourceTree = "<group>"; };
		F5D9AEAD1DEBD55C0048EBFA /* Info.plist */ = {isa = PBXFileReference; lastKnownFileType = text.plist.xml; path = Info.plist; sourceTree = "<group>"; };
/* End PBXFileReference section */

/* Begin PBXFrameworksBuildPhase section */
		F5D9AE9B1DEBD55C0048EBFA /* Frameworks */ = {
			isa = PBXFrameworksBuildPhase;
			buildActionMask = 2147483647;
			files = (
			);
			runOnlyForDeploymentPostprocessing = 0;
		};
/* End PBXFrameworksBuildPhase section */

/* Begin PBXGroup section */
		F5D9AE951DEBD55C0048EBFA = {
			isa = PBXGroup;
			children = (
				F5D9AEA01DEBD55C0048EBFA /* PartyApp */,
				F5D9AE9F1DEBD55C0048EBFA /* Products */,
			);
			sourceTree = "<group>";
		};
		F5D9AE9F1DEBD55C0048EBFA /* Products */ = {
			isa = PBXGroup;
			children = (
				F5D9AE9E1DEBD55C0048EBFA /* PartyApp.app */,
			);
			name = Products;
			sourceTree = "<group>";
		};
		F5D9AEA01DEBD55C0048EBFA /* PartyApp */ = {
			isa = PBXGroup;
			children = (
				F5D9AEA11DEBD55C0048EBFA /* AppDelegate.swift */,
				F5D9AEA31DEBD55C0048EBFA /* ViewController.swift */,
				F5D9AEA51DEBD55C0048EBFA /* Main.storyboard */,
				F5D9AEA81DEBD55C0048EBFA /* Assets.xcassets */,
				F5D9AEAA1DEBD55C0048EBFA /* LaunchScreen.storyboard */,
				F5D9AEAD1DEBD55C0048EBFA /* Info.plist */,
			);
			path = PartyApp;
			sourceTree = "<group>";
		};
/* End PBXGroup section */

/* Begin PBXNativeTarget section */
		F5D9AE9D1DEBD55C0048EBFA /* PartyApp */ = {
			isa = PBXNativeTarget;
			buildConfigurationList = F5D9AEB01DEBD55C0048EBFA /* Build configuration list for PBXNativeTarget "PartyApp" */;
			buildPhases = (
				F5D9AE9A1DEBD55C0048EBFA /* Sources */,
				F5D9AE9B1DEBD55C0048EBFA /* Frameworks */,
				F5D9AE9C1DEBD55C0048EBFA /* Resources */,
			);
			buildRules = (
			);
			dependencies = (
			);
			name = PartyApp;
			productName = PartyApp;
			productReference = F5D9AE9E1DEBD55C0048EBFA /* PartyApp.app */;
			productType = "com.apple.product-type.application";
		};
/* End PBXNativeTarget section */

/* Begin PBXProject section */
		F5D9AE961DEBD55C0048EBFA /* Project object */ = {
			isa = PBXProject;
			attributes = {
				LastSwiftUpdateCheck = 0720;
				LastUpgradeCheck = 0720;
				ORGANIZATIONNAME = "Linfeng Yu";
				TargetAttributes = {
					F5D9AE9D1DEBD55C0048EBFA = {
						CreatedOnToolsVersion = 7.2.1;
					};
				};
			};
			buildConfigurationList = F5D9AE991DEBD55C0048EBFA /* Build configuration list for PBXProject "PartyApp" */;
			compatibilityVersion = "Xcode 3.2";
			developmentRegion = English;
			hasScannedForEncodings = 0;
			knownRegions = (
				en,
				Base,
			);
			mainGroup = F5D9AE951DEBD55C0048EBFA;
			productRefGroup = F5D9AE9F1DEBD55C0048EBFA /* Products */;
			projectDirPath = "";
			projectRoot = "";
			targets = (
				F5D9AE9D1DEBD55C0048EBFA /* PartyApp */,
			);
		};
/* End PBXProject section */

/* Begin PBXResourcesBuildPhase section */
		F5D9AE9C1DEBD55C0048EBFA /* Resources */ = {
			isa = PBXResourcesBuildPhase;
			buildActionMask = 2147483647;
			files = (
				F5D9AEAC1DEBD55C0048EBFA /* LaunchScreen.storyboard in Resources */,
				F5D9AEA91DEBD55C0048EBFA /* Assets.xcassets in Resources */,
				F5D9AEA71DEBD55C0048EBFA /* Main.storyboard in Resources */,
			);
			runOnlyForDeploymentPostprocessing = 0;
		};
/* End PBXResourcesBuildPhase section */

/* Begin PBXSourcesBuildPhase section */
		F5D9AE9A1DEBD55C0048EBFA /* Sources */ = {
			isa = PBXSourcesBuildPhase;
			buildActionMask = 2147483647;
			files = (
				F5D9AEA41DEBD55C0048EBFA /* ViewController.swift in Sources */,
				F5D9AEA21DEBD55C0048EBFA /* AppDelegate.swift in Sources */,
			);
			runOnlyForDeploymentPostprocessing = 0;
		};
/* End PBXSourcesBuildPhase section */

/* Begin PBXVariantGroup section */
		F5D9AEA51DEBD55C0048EBFA /* Main.storyboard */ = {
			isa = PBXVariantGroup;
			children = (
				F5D9AEA61DEBD55C0048EBFA /* Base */,
			);
			name = Main.storyboard;
			sourceTree = "<group>";
		};
		F5D9AEAA1DEBD55C0048EBFA /* LaunchScreen.storyboard */ = {
			isa = PBXVariantGroup;
			children = (
				F5D9AEAB1DEBD55C0048EBFA /* Base */,
			);
			name = LaunchScreen.storyboard;
			sourceTree = "<group>";
		};
/* End PBXVariantGroup section */

/* Begin XCBuildConfiguration section */
		F5D9AEAE1DEBD55C0048EBFA /* Debug */ = {
			isa = XCBuildConfiguration;
			buildSettings = {
				ALWAYS_SEARCH_USER_PATHS = NO;
				CLANG_CXX_LANGUAGE_STANDARD = "gnu++0x";
				CLANG_CXX_LIBRARY = "libc++";
				CLANG_ENABLE_MODULES = YES;
				CLANG_ENABLE_OBJC_ARC = YES;
				CLANG_WARN_BOOL_CONVERSION = YES;
				CLANG_WARN_CONSTANT_CONVERSION = YES;
				CLANG_WARN_DIRECT_OBJC_ISA_USAGE = YES_ERROR;
				CLANG_WARN_EMPTY_BODY = YES;
				CLANG_WARN_ENUM_CONVERSION = YES;
				CLANG_WARN_INT_CONVERSION = YES;
				CLANG_WARN_OBJC_ROOT_CLASS = YES_ERROR;
				CLANG_WARN_UNREACHABLE_CODE = YES;
				CLANG_WARN__DUPLICATE_METHOD_MATCH = YES;
				"CODE_SIGN_IDENTITY[sdk=iphoneos*]" = "iPhone Developer";
				COPY_PHASE_STRIP = NO;
				DEBUG_INFORMATION_FORMAT = dwarf;
				ENABLE_STRICT_OBJC_MSGSEND = YES;
				ENABLE_TESTABILITY = YES;
				GCC_C_LANGUAGE_STANDARD = gnu99;
				GCC_DYNAMIC_NO_PIC = NO;
				GCC_NO_COMMON_BLOCKS = YES;
				GCC_OPTIMIZATION_LEVEL = 0;
				GCC_PREPROCESSOR_DEFINITIONS = (
					"DEBUG=1",
					"$(inherited)",
				);
				GCC_WARN_64_TO_32_BIT_CONVERSION = YES;
				GCC_WARN_ABOUT_RETURN_TYPE = YES_ERROR;
				GCC_WARN_UNDECLARED_SELECTOR = YES;
				GCC_WARN_UNINITIALIZED_AUTOS = YES_AGGRESSIVE;
				GCC_WARN_UNUSED_FUNCTION = YES;
				GCC_WARN_UNUSED_VARIABLE = YES;
				IPHONEOS_DEPLOYMENT_TARGET = 9.2;
				MTL_ENABLE_DEBUG_INFO = YES;
				ONLY_ACTIVE_ARCH = YES;
				SDKROOT = iphoneos;
				SWIFT_OPTIMIZATION_LEVEL = "-Onone";
			};
			name = Debug;
		};
		F5D9AEAF1DEBD55C0048EBFA /* Release */ = {
			isa = XCBuildConfiguration;
			buildSettings = {
				ALWAYS_SEARCH_USER_PATHS = NO;
				CLANG_CXX_LANGUAGE_STANDARD = "gnu++0x";
				CLANG_CXX_LIBRARY = "libc++";
				CLANG_ENABLE_MODULES = YES;
				CLANG_ENABLE_OBJC_ARC = YES;
				CLANG_WARN_BOOL_CONVERSION = YES;
				CLANG_WARN_CONSTANT_CONVERSION = YES;
				CLANG_WARN_DIRECT_OBJC_ISA_USAGE = YES_ERROR;
				CLANG_WARN_EMPTY_BODY = YES;
				CLANG_WARN_ENUM_CONVERSION = YES;
				CLANG_WARN_INT_CONVERSION = YES;
				CLANG_WARN_OBJC_ROOT_CLASS = YES_ERROR;
				CLANG_WARN_UNREACHABLE_CODE = YES;
				CLANG_WARN__DUPLICATE_METHOD_MATCH = YES;
				"CODE_SIGN_IDENTITY[sdk=iphoneos*]" = "iPhone Developer";
				COPY_PHASE_STRIP = NO;
				DEBUG_INFORMATION_FORMAT = "dwarf-with-dsym";
				ENABLE_NS_ASSERTIONS = NO;
				ENABLE_STRICT_OBJC_MSGSEND = YES;
				GCC_C_LANGUAGE_STANDARD = gnu99;
				GCC_NO_COMMON_BLOCKS = YES;
				GCC_WARN_64_TO_32_BIT_CONVERSION = YES;
				GCC_WARN_ABOUT_RETURN_TYPE = YES_ERROR;
				GCC_WARN_UNDECLARED_SELECTOR = YES;
				GCC_WARN_UNINITIALIZED_AUTOS = YES_AGGRESSIVE;
				GCC_WARN_UNUSED_FUNCTION = YES;
				GCC_WARN_UNUSED_VARIABLE = YES;
				IPHONEOS_DEPLOYMENT_TARGET = 9.2;
				MTL_ENABLE_DEBUG_INFO = NO;
				SDKROOT = iphoneos;
				VALIDATE_PRODUCT = YES;
			};
			name = Release;
		};
		F5D9AEB11DEBD55C0048EBFA /* Debug */ = {
			isa = XCBuildConfiguration;
			buildSettings = {
				ASSETCATALOG_COMPILER_APPICON_NAME = AppIcon;
				INFOPLIST_FILE = PartyApp/Info.plist;
				LD_RUNPATH_SEARCH_PATHS = "$(inherited) @executable_path/Frameworks";
				PRODUCT_BUNDLE_IDENTIFIER = com.ylf951.PartyApp;
				PRODUCT_NAME = "$(TARGET_NAME)";
			};
			name = Debug;
		};
		F5D9AEB21DEBD55C0048EBFA /* Release */ = {
			isa = XCBuildConfiguration;
			buildSettings = {
				ASSETCATALOG_COMPILER_APPICON_NAME = AppIcon;
				INFOPLIST_FILE = PartyApp/Info.plist;
				LD_RUNPATH_SEARCH_PATHS = "$(inherited) @executable_path/Frameworks";
				PRODUCT_BUNDLE_IDENTIFIER = com.ylf951.PartyApp;
				PRODUCT_NAME = "$(TARGET_NAME)";
			};
			name = Release;
		};
/* End XCBuildConfiguration section */

/* Begin XCConfigurationList section */
		F5D9AE991DEBD55C0048EBFA /* Build configuration list for PBXProject "PartyApp" */ = {
			isa = XCConfigurationList;
			buildConfigurations = (
				F5D9AEAE1DEBD55C0048EBFA /* Debug */,
				F5D9AEAF1DEBD55C0048EBFA /* Release */,
			);
			defaultConfigurationIsVisible = 0;
			defaultConfigurationName = Release;
		};
		F5D9AEB01DEBD55C0048EBFA /* Build configuration list for PBXNativeTarget "PartyApp" */ = {
			isa = XCConfigurationList;
			buildConfigurations = (
				F5D9AEB11DEBD55C0048EBFA /* Debug */,
				F5D9AEB21DEBD55C0048EBFA /* Release */,
			);
			defaultConfigurationIsVisible = 0;
		};
/* End XCConfigurationList section */
	};
	rootObject = F5D9AE961DEBD55C0048EBFA /* Project object */;
}
